// !$*UTF8*$!
{
	archiveVersion = 1;
	classes = {
	};
	objectVersion = 56;
	objects = {

/* Begin PBXBuildFile section */
		EA27A628289DC234007B14D3 /* TestGithubAccountIssueUsernameApp.swift in Sources */ = {isa = PBXBuildFile; fileRef = EA27A627289DC234007B14D3 /* TestGithubAccountIssueUsernameApp.swift */; };
		EA27A62A289DC234007B14D3 /* ContentView.swift in Sources */ = {isa = PBXBuildFile; fileRef = EA27A629289DC234007B14D3 /* ContentView.swift */; };
		EA27A62C289DC236007B14D3 /* Assets.xcassets in Resources */ = {isa = PBXBuildFile; fileRef = EA27A62B289DC236007B14D3 /* Assets.xcassets */; };
		EA27A62F289DC236007B14D3 /* Preview Assets.xcassets in Resources */ = {isa = PBXBuildFile; fileRef = EA27A62E289DC236007B14D3 /* Preview Assets.xcassets */; };
		EA27A639289DC236007B14D3 /* TestGithubAccountIssueUsernameTests.swift in Sources */ = {isa = PBXBuildFile; fileRef = EA27A638289DC236007B14D3 /* TestGithubAccountIssueUsernameTests.swift */; };
		EA27A643289DC236007B14D3 /* TestGithubAccountIssueUsernameUITests.swift in Sources */ = {isa = PBXBuildFile; fileRef = EA27A642289DC236007B14D3 /* TestGithubAccountIssueUsernameUITests.swift */; };
		EA27A645289DC236007B14D3 /* TestGithubAccountIssueUsernameUITestsLaunchTests.swift in Sources */ = {isa = PBXBuildFile; fileRef = EA27A644289DC236007B14D3 /* TestGithubAccountIssueUsernameUITestsLaunchTests.swift */; };
/* End PBXBuildFile section */

/* Begin PBXContainerItemProxy section */
		EA27A635289DC236007B14D3 /* PBXContainerItemProxy */ = {
			isa = PBXContainerItemProxy;
			containerPortal = EA27A61C289DC234007B14D3 /* Project object */;
			proxyType = 1;
			remoteGlobalIDString = EA27A623289DC234007B14D3;
			remoteInfo = TestGithubAccountIssueUsername;
		};
		EA27A63F289DC236007B14D3 /* PBXContainerItemProxy */ = {
			isa = PBXContainerItemProxy;
			containerPortal = EA27A61C289DC234007B14D3 /* Project object */;
			proxyType = 1;
			remoteGlobalIDString = EA27A623289DC234007B14D3;
			remoteInfo = TestGithubAccountIssueUsername;
		};
/* End PBXContainerItemProxy section */

/* Begin PBXFileReference section */
		EA27A624289DC234007B14D3 /* TestGithubAccountIssueUsername.app */ = {isa = PBXFileReference; explicitFileType = wrapper.application; includeInIndex = 0; path = TestGithubAccountIssueUsername.app; sourceTree = BUILT_PRODUCTS_DIR; };
		EA27A627289DC234007B14D3 /* TestGithubAccountIssueUsernameApp.swift */ = {isa = PBXFileReference; lastKnownFileType = sourcecode.swift; path = TestGithubAccountIssueUsernameApp.swift; sourceTree = "<group>"; };
		EA27A629289DC234007B14D3 /* ContentView.swift */ = {isa = PBXFileReference; lastKnownFileType = sourcecode.swift; path = ContentView.swift; sourceTree = "<group>"; };
		EA27A62B289DC236007B14D3 /* Assets.xcassets */ = {isa = PBXFileReference; lastKnownFileType = folder.assetcatalog; path = Assets.xcassets; sourceTree = "<group>"; };
		EA27A62E289DC236007B14D3 /* Preview Assets.xcassets */ = {isa = PBXFileReference; lastKnownFileType = folder.assetcatalog; path = "Preview Assets.xcassets"; sourceTree = "<group>"; };
		EA27A634289DC236007B14D3 /* TestGithubAccountIssueUsernameTests.xctest */ = {isa = PBXFileReference; explicitFileType = wrapper.cfbundle; includeInIndex = 0; path = TestGithubAccountIssueUsernameTests.xctest; sourceTree = BUILT_PRODUCTS_DIR; };
		EA27A638289DC236007B14D3 /* TestGithubAccountIssueUsernameTests.swift */ = {isa = PBXFileReference; lastKnownFileType = sourcecode.swift; path = TestGithubAccountIssueUsernameTests.swift; sourceTree = "<group>"; };
		EA27A63E289DC236007B14D3 /* TestGithubAccountIssueUsernameUITests.xctest */ = {isa = PBXFileReference; explicitFileType = wrapper.cfbundle; includeInIndex = 0; path = TestGithubAccountIssueUsernameUITests.xctest; sourceTree = BUILT_PRODUCTS_DIR; };
		EA27A642289DC236007B14D3 /* TestGithubAccountIssueUsernameUITests.swift */ = {isa = PBXFileReference; lastKnownFileType = sourcecode.swift; path = TestGithubAccountIssueUsernameUITests.swift; sourceTree = "<group>"; };
		EA27A644289DC236007B14D3 /* TestGithubAccountIssueUsernameUITestsLaunchTests.swift */ = {isa = PBXFileReference; lastKnownFileType = sourcecode.swift; path = TestGithubAccountIssueUsernameUITestsLaunchTests.swift; sourceTree = "<group>"; };
/* End PBXFileReference section */

/* Begin PBXFrameworksBuildPhase section */
		EA27A621289DC234007B14D3 /* Frameworks */ = {
			isa = PBXFrameworksBuildPhase;
			buildActionMask = 2147483647;
			files = (
			);
			runOnlyForDeploymentPostprocessing = 0;
		};
		EA27A631289DC236007B14D3 /* Frameworks */ = {
			isa = PBXFrameworksBuildPhase;
			buildActionMask = 2147483647;
			files = (
			);
			runOnlyForDeploymentPostprocessing = 0;
		};
		EA27A63B289DC236007B14D3 /* Frameworks */ = {
			isa = PBXFrameworksBuildPhase;
			buildActionMask = 2147483647;
			files = (
			);
			runOnlyForDeploymentPostprocessing = 0;
		};
/* End PBXFrameworksBuildPhase section */

/* Begin PBXGroup section */
		EA27A61B289DC234007B14D3 = {
			isa = PBXGroup;
			children = (
				EA27A626289DC234007B14D3 /* TestGithubAccountIssueUsername */,
				EA27A637289DC236007B14D3 /* TestGithubAccountIssueUsernameTests */,
				EA27A641289DC236007B14D3 /* TestGithubAccountIssueUsernameUITests */,
				EA27A625289DC234007B14D3 /* Products */,
			);
			sourceTree = "<group>";
		};
		EA27A625289DC234007B14D3 /* Products */ = {
			isa = PBXGroup;
			children = (
				EA27A624289DC234007B14D3 /* TestGithubAccountIssueUsername.app */,
				EA27A634289DC236007B14D3 /* TestGithubAccountIssueUsernameTests.xctest */,
				EA27A63E289DC236007B14D3 /* TestGithubAccountIssueUsernameUITests.xctest */,
			);
			name = Products;
			sourceTree = "<group>";
		};
		EA27A626289DC234007B14D3 /* TestGithubAccountIssueUsername */ = {
			isa = PBXGroup;
			children = (
				EA27A627289DC234007B14D3 /* TestGithubAccountIssueUsernameApp.swift */,
				EA27A629289DC234007B14D3 /* ContentView.swift */,
				EA27A62B289DC236007B14D3 /* Assets.xcassets */,
				EA27A62D289DC236007B14D3 /* Preview Content */,
			);
			path = TestGithubAccountIssueUsername;
			sourceTree = "<group>";
		};
		EA27A62D289DC236007B14D3 /* Preview Content */ = {
			isa = PBXGroup;
			children = (
				EA27A62E289DC236007B14D3 /* Preview Assets.xcassets */,
			);
			path = "Preview Content";
			sourceTree = "<group>";
		};
		EA27A637289DC236007B14D3 /* TestGithubAccountIssueUsernameTests */ = {
			isa = PBXGroup;
			children = (
				EA27A638289DC236007B14D3 /* TestGithubAccountIssueUsernameTests.swift */,
			);
			path = TestGithubAccountIssueUsernameTests;
			sourceTree = "<group>";
		};
		EA27A641289DC236007B14D3 /* TestGithubAccountIssueUsernameUITests */ = {
			isa = PBXGroup;
			children = (
				EA27A642289DC236007B14D3 /* TestGithubAccountIssueUsernameUITests.swift */,
				EA27A644289DC236007B14D3 /* TestGithubAccountIssueUsernameUITestsLaunchTests.swift */,
			);
			path = TestGithubAccountIssueUsernameUITests;
			sourceTree = "<group>";
		};
/* End PBXGroup section */

/* Begin PBXNativeTarget section */
		EA27A623289DC234007B14D3 /* TestGithubAccountIssueUsername */ = {
			isa = PBXNativeTarget;
			buildConfigurationList = EA27A648289DC236007B14D3 /* Build configuration list for PBXNativeTarget "TestGithubAccountIssueUsername" */;
			buildPhases = (
				EA27A620289DC234007B14D3 /* Sources */,
				EA27A621289DC234007B14D3 /* Frameworks */,
				EA27A622289DC234007B14D3 /* Resources */,
			);
			buildRules = (
			);
			dependencies = (
			);
			name = TestGithubAccountIssueUsername;
			productName = TestGithubAccountIssueUsername;
			productReference = EA27A624289DC234007B14D3 /* TestGithubAccountIssueUsername.app */;
			productType = "com.apple.product-type.application";
		};
		EA27A633289DC236007B14D3 /* TestGithubAccountIssueUsernameTests */ = {
			isa = PBXNativeTarget;
			buildConfigurationList = EA27A64B289DC236007B14D3 /* Build configuration list for PBXNativeTarget "TestGithubAccountIssueUsernameTests" */;
			buildPhases = (
				EA27A630289DC236007B14D3 /* Sources */,
				EA27A631289DC236007B14D3 /* Frameworks */,
				EA27A632289DC236007B14D3 /* Resources */,
			);
			buildRules = (
			);
			dependencies = (
				EA27A636289DC236007B14D3 /* PBXTargetDependency */,
			);
			name = TestGithubAccountIssueUsernameTests;
			productName = TestGithubAccountIssueUsernameTests;
			productReference = EA27A634289DC236007B14D3 /* TestGithubAccountIssueUsernameTests.xctest */;
			productType = "com.apple.product-type.bundle.unit-test";
		};
		EA27A63D289DC236007B14D3 /* TestGithubAccountIssueUsernameUITests */ = {
			isa = PBXNativeTarget;
			buildConfigurationList = EA27A64E289DC236007B14D3 /* Build configuration list for PBXNativeTarget "TestGithubAccountIssueUsernameUITests" */;
			buildPhases = (
				EA27A63A289DC236007B14D3 /* Sources */,
				EA27A63B289DC236007B14D3 /* Frameworks */,
				EA27A63C289DC236007B14D3 /* Resources */,
			);
			buildRules = (
			);
			dependencies = (
				EA27A640289DC236007B14D3 /* PBXTargetDependency */,
			);
			name = TestGithubAccountIssueUsernameUITests;
			productName = TestGithubAccountIssueUsernameUITests;
			productReference = EA27A63E289DC236007B14D3 /* TestGithubAccountIssueUsernameUITests.xctest */;
			productType = "com.apple.product-type.bundle.ui-testing";
		};
/* End PBXNativeTarget section */

/* Begin PBXProject section */
		EA27A61C289DC234007B14D3 /* Project object */ = {
			isa = PBXProject;
			attributes = {
				BuildIndependentTargetsInParallel = 1;
				LastSwiftUpdateCheck = 1400;
				LastUpgradeCheck = 1400;
				TargetAttributes = {
					EA27A623289DC234007B14D3 = {
						CreatedOnToolsVersion = 14.0;
					};
					EA27A633289DC236007B14D3 = {
						CreatedOnToolsVersion = 14.0;
						TestTargetID = EA27A623289DC234007B14D3;
					};
					EA27A63D289DC236007B14D3 = {
						CreatedOnToolsVersion = 14.0;
						TestTargetID = EA27A623289DC234007B14D3;
					};
				};
			};
			buildConfigurationList = EA27A61F289DC234007B14D3 /* Build configuration list for PBXProject "TestGithubAccountIssueUsername" */;
			compatibilityVersion = "Xcode 14.0";
			developmentRegion = en;
			hasScannedForEncodings = 0;
			knownRegions = (
				en,
				Base,
			);
			mainGroup = EA27A61B289DC234007B14D3;
			productRefGroup = EA27A625289DC234007B14D3 /* Products */;
			projectDirPath = "";
			projectRoot = "";
			targets = (
				EA27A623289DC234007B14D3 /* TestGithubAccountIssueUsername */,
				EA27A633289DC236007B14D3 /* TestGithubAccountIssueUsernameTests */,
				EA27A63D289DC236007B14D3 /* TestGithubAccountIssueUsernameUITests */,
			);
		};
/* End PBXProject section */

/* Begin PBXResourcesBuildPhase section */
		EA27A622289DC234007B14D3 /* Resources */ = {
			isa = PBXResourcesBuildPhase;
			buildActionMask = 2147483647;
			files = (
				EA27A62F289DC236007B14D3 /* Preview Assets.xcassets in Resources */,
				EA27A62C289DC236007B14D3 /* Assets.xcassets in Resources */,
			);
			runOnlyForDeploymentPostprocessing = 0;
		};
		EA27A632289DC236007B14D3 /* Resources */ = {
			isa = PBXResourcesBuildPhase;
			buildActionMask = 2147483647;
			files = (
			);
			runOnlyForDeploymentPostprocessing = 0;
		};
		EA27A63C289DC236007B14D3 /* Resources */ = {
			isa = PBXResourcesBuildPhase;
			buildActionMask = 2147483647;
			files = (
			);
			runOnlyForDeploymentPostprocessing = 0;
		};
/* End PBXResourcesBuildPhase section */

/* Begin PBXSourcesBuildPhase section */
		EA27A620289DC234007B14D3 /* Sources */ = {
			isa = PBXSourcesBuildPhase;
			buildActionMask = 2147483647;
			files = (
				EA27A62A289DC234007B14D3 /* ContentView.swift in Sources */,
				EA27A628289DC234007B14D3 /* TestGithubAccountIssueUsernameApp.swift in Sources */,
			);
			runOnlyForDeploymentPostprocessing = 0;
		};
		EA27A630289DC236007B14D3 /* Sources */ = {
			isa = PBXSourcesBuildPhase;
			buildActionMask = 2147483647;
			files = (
				EA27A639289DC236007B14D3 /* TestGithubAccountIssueUsernameTests.swift in Sources */,
			);
			runOnlyForDeploymentPostprocessing = 0;
		};
		EA27A63A289DC236007B14D3 /* Sources */ = {
			isa = PBXSourcesBuildPhase;
			buildActionMask = 2147483647;
			files = (
				EA27A643289DC236007B14D3 /* TestGithubAccountIssueUsernameUITests.swift in Sources */,
				EA27A645289DC236007B14D3 /* TestGithubAccountIssueUsernameUITestsLaunchTests.swift in Sources */,
			);
			runOnlyForDeploymentPostprocessing = 0;
		};
/* End PBXSourcesBuildPhase section */

/* Begin PBXTargetDependency section */
		EA27A636289DC236007B14D3 /* PBXTargetDependency */ = {
			isa = PBXTargetDependency;
			target = EA27A623289DC234007B14D3 /* TestGithubAccountIssueUsername */;
			targetProxy = EA27A635289DC236007B14D3 /* PBXContainerItemProxy */;
		};
		EA27A640289DC236007B14D3 /* PBXTargetDependency */ = {
			isa = PBXTargetDependency;
			target = EA27A623289DC234007B14D3 /* TestGithubAccountIssueUsername */;
			targetProxy = EA27A63F289DC236007B14D3 /* PBXContainerItemProxy */;
		};
/* End PBXTargetDependency section */

/* Begin XCBuildConfiguration section */
		EA27A646289DC236007B14D3 /* Debug */ = {
			isa = XCBuildConfiguration;
			buildSettings = {
				ALWAYS_SEARCH_USER_PATHS = NO;
				CLANG_ANALYZER_NONNULL = YES;
				CLANG_ANALYZER_NUMBER_OBJECT_CONVERSION = YES_AGGRESSIVE;
				CLANG_CXX_LANGUAGE_STANDARD = "gnu++20";
				CLANG_ENABLE_MODULES = YES;
				CLANG_ENABLE_OBJC_ARC = YES;
				CLANG_ENABLE_OBJC_WEAK = YES;
				CLANG_WARN_BLOCK_CAPTURE_AUTORELEASING = YES;
				CLANG_WARN_BOOL_CONVERSION = YES;
				CLANG_WARN_COMMA = YES;
				CLANG_WARN_CONSTANT_CONVERSION = YES;
				CLANG_WARN_DEPRECATED_OBJC_IMPLEMENTATIONS = YES;
				CLANG_WARN_DIRECT_OBJC_ISA_USAGE = YES_ERROR;
				CLANG_WARN_DOCUMENTATION_COMMENTS = YES;
				CLANG_WARN_EMPTY_BODY = YES;
				CLANG_WARN_ENUM_CONVERSION = YES;
				CLANG_WARN_INFINITE_RECURSION = YES;
				CLANG_WARN_INT_CONVERSION = YES;
				CLANG_WARN_NON_LITERAL_NULL_CONVERSION = YES;
				CLANG_WARN_OBJC_IMPLICIT_RETAIN_SELF = YES;
				CLANG_WARN_OBJC_LITERAL_CONVERSION = YES;
				CLANG_WARN_OBJC_ROOT_CLASS = YES_ERROR;
				CLANG_WARN_QUOTED_INCLUDE_IN_FRAMEWORK_HEADER = YES;
				CLANG_WARN_RANGE_LOOP_ANALYSIS = YES;
				CLANG_WARN_STRICT_PROTOTYPES = YES;
				CLANG_WARN_SUSPICIOUS_MOVE = YES;
				CLANG_WARN_UNGUARDED_AVAILABILITY = YES_AGGRESSIVE;
				CLANG_WARN_UNREACHABLE_CODE = YES;
				CLANG_WARN__DUPLICATE_METHOD_MATCH = YES;
				COPY_PHASE_STRIP = NO;
				DEBUG_INFORMATION_FORMAT = dwarf;
				ENABLE_STRICT_OBJC_MSGSEND = YES;
				ENABLE_TESTABILITY = YES;
				GCC_C_LANGUAGE_STANDARD = gnu11;
				GCC_DYNAMIC_NO_PIC = NO;
				GCC_NO_COMMON_BLOCKS = YES;
				GCC_OPTIMIZATION_LEVEL = 0;
				GCC_PREPROCESSOR_DEFINITIONS = (
					"DEBUG=1",
					"$(inherited)",
				);
				GCC_WARN_64_TO_32_BIT_CONVERSION = YES;
				GCC_WARN_ABOUT_RETURN_TYPE = YES_ERROR;
				GCC_WARN_UNDECLARED_SELECTOR = YES;
				GCC_WARN_UNINITIALIZED_AUTOS = YES_AGGRESSIVE;
				GCC_WARN_UNUSED_FUNCTION = YES;
				GCC_WARN_UNUSED_VARIABLE = YES;
				IPHONEOS_DEPLOYMENT_TARGET = 16.0;
				MTL_ENABLE_DEBUG_INFO = INCLUDE_SOURCE;
				MTL_FAST_MATH = YES;
				ONLY_ACTIVE_ARCH = YES;
				SDKROOT = iphoneos;
				SWIFT_ACTIVE_COMPILATION_CONDITIONS = DEBUG;
				SWIFT_OPTIMIZATION_LEVEL = "-Onone";
			};
			name = Debug;
		};
		EA27A647289DC236007B14D3 /* Release */ = {
			isa = XCBuildConfiguration;
			buildSettings = {
				ALWAYS_SEARCH_USER_PATHS = NO;
				CLANG_ANALYZER_NONNULL = YES;
				CLANG_ANALYZER_NUMBER_OBJECT_CONVERSION = YES_AGGRESSIVE;
				CLANG_CXX_LANGUAGE_STANDARD = "gnu++20";
				CLANG_ENABLE_MODULES = YES;
				CLANG_ENABLE_OBJC_ARC = YES;
				CLANG_ENABLE_OBJC_WEAK = YES;
				CLANG_WARN_BLOCK_CAPTURE_AUTORELEASING = YES;
				CLANG_WARN_BOOL_CONVERSION = YES;
				CLANG_WARN_COMMA = YES;
				CLANG_WARN_CONSTANT_CONVERSION = YES;
				CLANG_WARN_DEPRECATED_OBJC_IMPLEMENTATIONS = YES;
				CLANG_WARN_DIRECT_OBJC_ISA_USAGE = YES_ERROR;
				CLANG_WARN_DOCUMENTATION_COMMENTS = YES;
				CLANG_WARN_EMPTY_BODY = YES;
				CLANG_WARN_ENUM_CONVERSION = YES;
				CLANG_WARN_INFINITE_RECURSION = YES;
				CLANG_WARN_INT_CONVERSION = YES;
				CLANG_WARN_NON_LITERAL_NULL_CONVERSION = YES;
				CLANG_WARN_OBJC_IMPLICIT_RETAIN_SELF = YES;
				CLANG_WARN_OBJC_LITERAL_CONVERSION = YES;
				CLANG_WARN_OBJC_ROOT_CLASS = YES_ERROR;
				CLANG_WARN_QUOTED_INCLUDE_IN_FRAMEWORK_HEADER = YES;
				CLANG_WARN_RANGE_LOOP_ANALYSIS = YES;
				CLANG_WARN_STRICT_PROTOTYPES = YES;
				CLANG_WARN_SUSPICIOUS_MOVE = YES;
				CLANG_WARN_UNGUARDED_AVAILABILITY = YES_AGGRESSIVE;
				CLANG_WARN_UNREACHABLE_CODE = YES;
				CLANG_WARN__DUPLICATE_METHOD_MATCH = YES;
				COPY_PHASE_STRIP = NO;
				DEBUG_INFORMATION_FORMAT = "dwarf-with-dsym";
				ENABLE_NS_ASSERTIONS = NO;
				ENABLE_STRICT_OBJC_MSGSEND = YES;
				GCC_C_LANGUAGE_STANDARD = gnu11;
				GCC_NO_COMMON_BLOCKS = YES;
				GCC_WARN_64_TO_32_BIT_CONVERSION = YES;
				GCC_WARN_ABOUT_RETURN_TYPE = YES_ERROR;
				GCC_WARN_UNDECLARED_SELECTOR = YES;
				GCC_WARN_UNINITIALIZED_AUTOS = YES_AGGRESSIVE;
				GCC_WARN_UNUSED_FUNCTION = YES;
				GCC_WARN_UNUSED_VARIABLE = YES;
				IPHONEOS_DEPLOYMENT_TARGET = 16.0;
				MTL_ENABLE_DEBUG_INFO = NO;
				MTL_FAST_MATH = YES;
				SDKROOT = iphoneos;
				SWIFT_COMPILATION_MODE = wholemodule;
				SWIFT_OPTIMIZATION_LEVEL = "-O";
				VALIDATE_PRODUCT = YES;
			};
			name = Release;
		};
		EA27A649289DC236007B14D3 /* Debug */ = {
			isa = XCBuildConfiguration;
			buildSettings = {
				ASSETCATALOG_COMPILER_APPICON_NAME = AppIcon;
				ASSETCATALOG_COMPILER_GLOBAL_ACCENT_COLOR_NAME = AccentColor;
				CODE_SIGN_STYLE = Automatic;
				CURRENT_PROJECT_VERSION = 1;
				DEVELOPMENT_ASSET_PATHS = "\"TestGithubAccountIssueUsername/Preview Content\"";
				DEVELOPMENT_TEAM = L4FET847JL;
				ENABLE_PREVIEWS = YES;
				GENERATE_INFOPLIST_FILE = YES;
				INFOPLIST_KEY_UIApplicationSceneManifest_Generation = YES;
				INFOPLIST_KEY_UIApplicationSupportsIndirectInputEvents = YES;
				INFOPLIST_KEY_UILaunchScreen_Generation = YES;
				INFOPLIST_KEY_UISupportedInterfaceOrientations_iPad = "UIInterfaceOrientationPortrait UIInterfaceOrientationPortraitUpsideDown UIInterfaceOrientationLandscapeLeft UIInterfaceOrientationLandscapeRight";
				INFOPLIST_KEY_UISupportedInterfaceOrientations_iPhone = "UIInterfaceOrientationPortrait UIInterfaceOrientationLandscapeLeft UIInterfaceOrientationLandscapeRight";
				LD_RUNPATH_SEARCH_PATHS = (
					"$(inherited)",
					"@executable_path/Frameworks",
				);
				MARKETING_VERSION = 1.0;
				PRODUCT_BUNDLE_IDENTIFIER = doepicshit.xcc.TestGithubAccountIssueUsername;
				PRODUCT_NAME = "$(TARGET_NAME)";
				SWIFT_EMIT_LOC_STRINGS = YES;
				SWIFT_VERSION = 5.0;
				TARGETED_DEVICE_FAMILY = "1,2";
			};
			name = Debug;
		};
		EA27A64A289DC236007B14D3 /* Release */ = {
			isa = XCBuildConfiguration;
			buildSettings = {
				ASSETCATALOG_COMPILER_APPICON_NAME = AppIcon;
				ASSETCATALOG_COMPILER_GLOBAL_ACCENT_COLOR_NAME = AccentColor;
				CODE_SIGN_STYLE = Automatic;
				CURRENT_PROJECT_VERSION = 1;
				DEVELOPMENT_ASSET_PATHS = "\"TestGithubAccountIssueUsername/Preview Content\"";
				DEVELOPMENT_TEAM = L4FET847JL;
				ENABLE_PREVIEWS = YES;
				GENERATE_INFOPLIST_FILE = YES;
				INFOPLIST_KEY_UIApplicationSceneManifest_Generation = YES;
				INFOPLIST_KEY_UIApplicationSupportsIndirectInputEvents = YES;
				INFOPLIST_KEY_UILaunchScreen_Generation = YES;
				INFOPLIST_KEY_UISupportedInterfaceOrientations_iPad = "UIInterfaceOrientationPortrait UIInterfaceOrientationPortraitUpsideDown UIInterfaceOrientationLandscapeLeft UIInterfaceOrientationLandscapeRight";
				INFOPLIST_KEY_UISupportedInterfaceOrientations_iPhone = "UIInterfaceOrientationPortrait UIInterfaceOrientationLandscapeLeft UIInterfaceOrientationLandscapeRight";
				LD_RUNPATH_SEARCH_PATHS = (
					"$(inherited)",
					"@executable_path/Frameworks",
				);
				MARKETING_VERSION = 1.0;
				PRODUCT_BUNDLE_IDENTIFIER = doepicshit.xcc.TestGithubAccountIssueUsername;
				PRODUCT_NAME = "$(TARGET_NAME)";
				SWIFT_EMIT_LOC_STRINGS = YES;
				SWIFT_VERSION = 5.0;
				TARGETED_DEVICE_FAMILY = "1,2";
			};
			name = Release;
		};
		EA27A64C289DC236007B14D3 /* Debug */ = {
			isa = XCBuildConfiguration;
			buildSettings = {
				ALWAYS_EMBED_SWIFT_STANDARD_LIBRARIES = YES;
				BUNDLE_LOADER = "$(TEST_HOST)";
				CODE_SIGN_STYLE = Automatic;
				CURRENT_PROJECT_VERSION = 1;
				DEVELOPMENT_TEAM = L4FET847JL;
				GENERATE_INFOPLIST_FILE = YES;
				IPHONEOS_DEPLOYMENT_TARGET = 16.0;
				MARKETING_VERSION = 1.0;
				PRODUCT_BUNDLE_IDENTIFIER = doepicshit.xcc.TestGithubAccountIssueUsernameTests;
				PRODUCT_NAME = "$(TARGET_NAME)";
				SWIFT_EMIT_LOC_STRINGS = NO;
				SWIFT_VERSION = 5.0;
				TARGETED_DEVICE_FAMILY = "1,2";
				TEST_HOST = "$(BUILT_PRODUCTS_DIR)/TestGithubAccountIssueUsername.app/$(BUNDLE_EXECUTABLE_FOLDER_PATH)/TestGithubAccountIssueUsername";
			};
			name = Debug;
		};
		EA27A64D289DC236007B14D3 /* Release */ = {
			isa = XCBuildConfiguration;
			buildSettings = {
				ALWAYS_EMBED_SWIFT_STANDARD_LIBRARIES = YES;
				BUNDLE_LOADER = "$(TEST_HOST)";
				CODE_SIGN_STYLE = Automatic;
				CURRENT_PROJECT_VERSION = 1;
				DEVELOPMENT_TEAM = L4FET847JL;
				GENERATE_INFOPLIST_FILE = YES;
				IPHONEOS_DEPLOYMENT_TARGET = 16.0;
				MARKETING_VERSION = 1.0;
				PRODUCT_BUNDLE_IDENTIFIER = doepicshit.xcc.TestGithubAccountIssueUsernameTests;
				PRODUCT_NAME = "$(TARGET_NAME)";
				SWIFT_EMIT_LOC_STRINGS = NO;
				SWIFT_VERSION = 5.0;
				TARGETED_DEVICE_FAMILY = "1,2";
				TEST_HOST = "$(BUILT_PRODUCTS_DIR)/TestGithubAccountIssueUsername.app/$(BUNDLE_EXECUTABLE_FOLDER_PATH)/TestGithubAccountIssueUsername";
			};
			name = Release;
		};
		EA27A64F289DC236007B14D3 /* Debug */ = {
			isa = XCBuildConfiguration;
			buildSettings = {
				ALWAYS_EMBED_SWIFT_STANDARD_LIBRARIES = YES;
				CODE_SIGN_STYLE = Automatic;
				CURRENT_PROJECT_VERSION = 1;
				DEVELOPMENT_TEAM = L4FET847JL;
				GENERATE_INFOPLIST_FILE = YES;
				MARKETING_VERSION = 1.0;
				PRODUCT_BUNDLE_IDENTIFIER = doepicshit.xcc.TestGithubAccountIssueUsernameUITests;
				PRODUCT_NAME = "$(TARGET_NAME)";
				SWIFT_EMIT_LOC_STRINGS = NO;
				SWIFT_VERSION = 5.0;
				TARGETED_DEVICE_FAMILY = "1,2";
				TEST_TARGET_NAME = TestGithubAccountIssueUsername;
			};
			name = Debug;
		};
		EA27A650289DC236007B14D3 /* Release */ = {
			isa = XCBuildConfiguration;
			buildSettings = {
				ALWAYS_EMBED_SWIFT_STANDARD_LIBRARIES = YES;
				CODE_SIGN_STYLE = Automatic;
				CURRENT_PROJECT_VERSION = 1;
				DEVELOPMENT_TEAM = L4FET847JL;
				GENERATE_INFOPLIST_FILE = YES;
				MARKETING_VERSION = 1.0;
				PRODUCT_BUNDLE_IDENTIFIER = doepicshit.xcc.TestGithubAccountIssueUsernameUITests;
				PRODUCT_NAME = "$(TARGET_NAME)";
				SWIFT_EMIT_LOC_STRINGS = NO;
				SWIFT_VERSION = 5.0;
				TARGETED_DEVICE_FAMILY = "1,2";
				TEST_TARGET_NAME = TestGithubAccountIssueUsername;
			};
			name = Release;
		};
/* End XCBuildConfiguration section */

/* Begin XCConfigurationList section */
		EA27A61F289DC234007B14D3 /* Build configuration list for PBXProject "TestGithubAccountIssueUsername" */ = {
			isa = XCConfigurationList;
			buildConfigurations = (
				EA27A646289DC236007B14D3 /* Debug */,
				EA27A647289DC236007B14D3 /* Release */,
			);
			defaultConfigurationIsVisible = 0;
			defaultConfigurationName = Release;
		};
		EA27A648289DC236007B14D3 /* Build configuration list for PBXNativeTarget "TestGithubAccountIssueUsername" */ = {
			isa = XCConfigurationList;
			buildConfigurations = (
				EA27A649289DC236007B14D3 /* Debug */,
				EA27A64A289DC236007B14D3 /* Release */,
			);
			defaultConfigurationIsVisible = 0;
			defaultConfigurationName = Release;
		};
		EA27A64B289DC236007B14D3 /* Build configuration list for PBXNativeTarget "TestGithubAccountIssueUsernameTests" */ = {
			isa = XCConfigurationList;
			buildConfigurations = (
				EA27A64C289DC236007B14D3 /* Debug */,
				EA27A64D289DC236007B14D3 /* Release */,
			);
			defaultConfigurationIsVisible = 0;
			defaultConfigurationName = Release;
		};
		EA27A64E289DC236007B14D3 /* Build configuration list for PBXNativeTarget "TestGithubAccountIssueUsernameUITests" */ = {
			isa = XCConfigurationList;
			buildConfigurations = (
				EA27A64F289DC236007B14D3 /* Debug */,
				EA27A650289DC236007B14D3 /* Release */,
			);
			defaultConfigurationIsVisible = 0;
			defaultConfigurationName = Release;
		};
/* End XCConfigurationList section */
	};
	rootObject = EA27A61C289DC234007B14D3 /* Project object */;
}
